# THIS IS AN AUTOGENERATED FILE. DO NOT EDIT THIS FILE DIRECTLY.
# yarn lockfile v1


lodash.findindex@^4.6.0:
  version "4.6.0"
  resolved "https://registry.yarnpkg.com/lodash.findindex/-/lodash.findindex-4.6.0.tgz#a3245dee61fb9b6e0624b535125624bb69c11106"
  integrity sha512-9er6Ccz6sEST3bHFtUrCFWk14nE8cdL/RoW1RRDV1BxqN3qsmsT56L14jhfctAqhVPVcdJw4MRxEaVoAK+JVvw==
